
Microsoft Visual Studio Solution File, Format Version 12.00
# Visual Studio Version 16
VisualStudioVersion = 16.0.31613.86
MinimumVisualStudioVersion = 10.0.40219.1
Project("{FAE04EC0-301F-11D3-BF4B-00C04F79EFBC}") = "Functions3", "Functions3.csproj", "{E1AF71EF-2328-4627-B945-486F57F371EF}"
EndProject
Global
	GlobalSection(SolutionConfigurationPlatforms) = preSolution
		Debug|Any CPU = Debug|Any CPU
		Release|Any CPU = Release|Any CPU
	EndGlobalSection
	GlobalSection(ProjectConfigurationPlatforms) = postSolution
		{E1AF71EF-2328-4627-B945-486F57F371EF}.Debug|Any CPU.ActiveCfg = Debug|Any CPU
		{E1AF71EF-2328-4627-B945-486F57F371EF}.Debug|Any CPU.Build.0 = Debug|Any CPU
		{E1AF71EF-2328-4627-B945-486F57F371EF}.Release|Any CPU.ActiveCfg = Release|Any CPU
		{E1AF71EF-2328-4627-B945-486F57F371EF}.Release|Any CPU.Build.0 = Release|Any CPU
	EndGlobalSection
	GlobalSection(SolutionProperties) = preSolution
		HideSolutionNode = FALSE
	EndGlobalSection
	GlobalSection(ExtensibilityGlobals) = postSolution
		SolutionGuid = {18BA9155-D802-48C6-8430-F1647298169F}
	EndGlobalSection
EndGlobal
